
Microsoft Visual Studio Solution File, Format Version 12.00
# Visual Studio 15
VisualStudioVersion = 15.0.28010.2016
MinimumVisualStudioVersion = 10.0.40219.1
Project("{FAE04EC0-301F-11D3-BF4B-00C04F79EFBC}") = "TCM_Clinica", "WindowsFormsApp1\TCM_Clinica.csproj", "{8B84B2B6-74BC-46C0-9189-BBB9C8A6FDF5}"
EndProject
Global
	GlobalSection(SolutionConfigurationPlatforms) = preSolution
		Debug|Any CPU = Debug|Any CPU
		Release|Any CPU = Release|Any CPU
	EndGlobalSection
	GlobalSection(ProjectConfigurationPlatforms) = postSolution
		{8B84B2B6-74BC-46C0-9189-BBB9C8A6FDF5}.Debug|Any CPU.ActiveCfg = Debug|Any CPU
		{8B84B2B6-74BC-46C0-9189-BBB9C8A6FDF5}.Debug|Any CPU.Build.0 = Debug|Any CPU
		{8B84B2B6-74BC-46C0-9189-BBB9C8A6FDF5}.Release|Any CPU.ActiveCfg = Release|Any CPU
		{8B84B2B6-74BC-46C0-9189-BBB9C8A6FDF5}.Release|Any CPU.Build.0 = Release|Any CPU
	EndGlobalSection
	GlobalSection(SolutionProperties) = preSolution
		HideSolutionNode = FALSE
	EndGlobalSection
	GlobalSection(ExtensibilityGlobals) = postSolution
		SolutionGuid = {7496C36E-3D6D-4C43-8DB4-D8ECC5D31B21}
	EndGlobalSection
EndGlobal
